
Microsoft Visual Studio Solution File, Format Version 11.00
# Visual Studio 2010
Project("{8BC9CEB8-8B4A-11D0-8D11-00A0C91BC942}") = "Lab1", "Lab1\Lab1.vcxproj", "{C42F188D-B98E-4DE0-95F3-6C8994879C4C}"
EndProject
Global
	GlobalSection(SolutionConfigurationPlatforms) = preSolution
		Debug|Win32 = Debug|Win32
		Release|Win32 = Release|Win32
	EndGlobalSection
	GlobalSection(ProjectConfigurationPlatforms) = postSolution
		{C42F188D-B98E-4DE0-95F3-6C8994879C4C}.Debug|Win32.ActiveCfg = Debug|Win32
		{C42F188D-B98E-4DE0-95F3-6C8994879C4C}.Debug|Win32.Build.0 = Debug|Win32
		{C42F188D-B98E-4DE0-95F3-6C8994879C4C}.Release|Win32.ActiveCfg = Release|Win32
		{C42F188D-B98E-4DE0-95F3-6C8994879C4C}.Release|Win32.Build.0 = Release|Win32
	EndGlobalSection
	GlobalSection(SolutionProperties) = preSolution
		HideSolutionNode = FALSE
	EndGlobalSection
EndGlobal
